# THIS IS AN AUTOGENERATED FILE. DO NOT EDIT THIS FILE DIRECTLY.
# yarn lockfile v1


bootstrap@^3.3.7:
  version "3.3.7"
  resolved "https://registry.yarnpkg.com/bootstrap/-/bootstrap-3.3.7.tgz#5a389394549f23330875a3b150656574f8a9eb71"

browser-request@^0.3.3:
  version "0.3.3"
  resolved "https://registry.yarnpkg.com/browser-request/-/browser-request-0.3.3.tgz#9ece5b5aca89a29932242e18bf933def9876cc17"

jquery@^3.2.1:
  version "3.2.1"
  resolved "https://registry.yarnpkg.com/jquery/-/jquery-3.2.1.tgz#5c4d9de652af6cd0a770154a631bba12b015c787"

twitch-emoji@^0.2.209:
  version "0.2.209"
  resolved "https://registry.yarnpkg.com/twitch-emoji/-/twitch-emoji-0.2.209.tgz#783cd3e8bfa0528ed8520563aac84bd2b4e341e4"
  dependencies:
    browser-request "^0.3.3"
